// !$*UTF8*$!
{
	archiveVersion = 1;
	classes = {
	};
	objectVersion = 55;
	objects = {

/* Begin PBXBuildFile section */
		764EF01126FC0E8100151143 /* AppDelegate.swift in Sources */ = {isa = PBXBuildFile; fileRef = 764EF01026FC0E8100151143 /* AppDelegate.swift */; };
		764EF01326FC0E8100151143 /* SceneDelegate.swift in Sources */ = {isa = PBXBuildFile; fileRef = 764EF01226FC0E8100151143 /* SceneDelegate.swift */; };
		764EF01526FC0E8100151143 /* ViewController.swift in Sources */ = {isa = PBXBuildFile; fileRef = 764EF01426FC0E8100151143 /* ViewController.swift */; };
		764EF01826FC0E8100151143 /* Main.storyboard in Resources */ = {isa = PBXBuildFile; fileRef = 764EF01626FC0E8100151143 /* Main.storyboard */; };
		764EF01A26FC0E8400151143 /* Assets.xcassets in Resources */ = {isa = PBXBuildFile; fileRef = 764EF01926FC0E8400151143 /* Assets.xcassets */; };
		764EF01D26FC0E8400151143 /* LaunchScreen.storyboard in Resources */ = {isa = PBXBuildFile; fileRef = 764EF01B26FC0E8400151143 /* LaunchScreen.storyboard */; };
		764EF02826FC0E8400151143 /* ARFilterAppTests.swift in Sources */ = {isa = PBXBuildFile; fileRef = 764EF02726FC0E8400151143 /* ARFilterAppTests.swift */; };
		764EF03226FC0E8400151143 /* ARFilterAppUITests.swift in Sources */ = {isa = PBXBuildFile; fileRef = 764EF03126FC0E8400151143 /* ARFilterAppUITests.swift */; };
		764EF03426FC0E8400151143 /* ARFilterAppUITestsLaunchTests.swift in Sources */ = {isa = PBXBuildFile; fileRef = 764EF03326FC0E8400151143 /* ARFilterAppUITestsLaunchTests.swift */; };
/* End PBXBuildFile section */

/* Begin PBXContainerItemProxy section */
		764EF02426FC0E8400151143 /* PBXContainerItemProxy */ = {
			isa = PBXContainerItemProxy;
			containerPortal = 764EF00526FC0E8100151143 /* Project object */;
			proxyType = 1;
			remoteGlobalIDString = 764EF00C26FC0E8100151143;
			remoteInfo = ARFilterApp;
		};
		764EF02E26FC0E8400151143 /* PBXContainerItemProxy */ = {
			isa = PBXContainerItemProxy;
			containerPortal = 764EF00526FC0E8100151143 /* Project object */;
			proxyType = 1;
			remoteGlobalIDString = 764EF00C26FC0E8100151143;
			remoteInfo = ARFilterApp;
		};
/* End PBXContainerItemProxy section */

/* Begin PBXFileReference section */
		764EF00D26FC0E8100151143 /* ARFilterApp.app */ = {isa = PBXFileReference; explicitFileType = wrapper.application; includeInIndex = 0; path = ARFilterApp.app; sourceTree = BUILT_PRODUCTS_DIR; };
		764EF01026FC0E8100151143 /* AppDelegate.swift */ = {isa = PBXFileReference; lastKnownFileType = sourcecode.swift; path = AppDelegate.swift; sourceTree = "<group>"; };
		764EF01226FC0E8100151143 /* SceneDelegate.swift */ = {isa = PBXFileReference; lastKnownFileType = sourcecode.swift; path = SceneDelegate.swift; sourceTree = "<group>"; };
		764EF01426FC0E8100151143 /* ViewController.swift */ = {isa = PBXFileReference; lastKnownFileType = sourcecode.swift; path = ViewController.swift; sourceTree = "<group>"; };
		764EF01726FC0E8100151143 /* Base */ = {isa = PBXFileReference; lastKnownFileType = file.storyboard; name = Base; path = Base.lproj/Main.storyboard; sourceTree = "<group>"; };
		764EF01926FC0E8400151143 /* Assets.xcassets */ = {isa = PBXFileReference; lastKnownFileType = folder.assetcatalog; path = Assets.xcassets; sourceTree = "<group>"; };
		764EF01C26FC0E8400151143 /* Base */ = {isa = PBXFileReference; lastKnownFileType = file.storyboard; name = Base; path = Base.lproj/LaunchScreen.storyboard; sourceTree = "<group>"; };
		764EF01E26FC0E8400151143 /* Info.plist */ = {isa = PBXFileReference; lastKnownFileType = text.plist.xml; path = Info.plist; sourceTree = "<group>"; };
		764EF02326FC0E8400151143 /* ARFilterAppTests.xctest */ = {isa = PBXFileReference; explicitFileType = wrapper.cfbundle; includeInIndex = 0; path = ARFilterAppTests.xctest; sourceTree = BUILT_PRODUCTS_DIR; };
		764EF02726FC0E8400151143 /* ARFilterAppTests.swift */ = {isa = PBXFileReference; lastKnownFileType = sourcecode.swift; path = ARFilterAppTests.swift; sourceTree = "<group>"; };
		764EF02D26FC0E8400151143 /* ARFilterAppUITests.xctest */ = {isa = PBXFileReference; explicitFileType = wrapper.cfbundle; includeInIndex = 0; path = ARFilterAppUITests.xctest; sourceTree = BUILT_PRODUCTS_DIR; };
		764EF03126FC0E8400151143 /* ARFilterAppUITests.swift */ = {isa = PBXFileReference; lastKnownFileType = sourcecode.swift; path = ARFilterAppUITests.swift; sourceTree = "<group>"; };
		764EF03326FC0E8400151143 /* ARFilterAppUITestsLaunchTests.swift */ = {isa = PBXFileReference; lastKnownFileType = sourcecode.swift; path = ARFilterAppUITestsLaunchTests.swift; sourceTree = "<group>"; };
/* End PBXFileReference section */

/* Begin PBXFrameworksBuildPhase section */
		764EF00A26FC0E8100151143 /* Frameworks */ = {
			isa = PBXFrameworksBuildPhase;
			buildActionMask = 2147483647;
			files = (
			);
			runOnlyForDeploymentPostprocessing = 0;
		};
		764EF02026FC0E8400151143 /* Frameworks */ = {
			isa = PBXFrameworksBuildPhase;
			buildActionMask = 2147483647;
			files = (
			);
			runOnlyForDeploymentPostprocessing = 0;
		};
		764EF02A26FC0E8400151143 /* Frameworks */ = {
			isa = PBXFrameworksBuildPhase;
			buildActionMask = 2147483647;
			files = (
			);
			runOnlyForDeploymentPostprocessing = 0;
		};
/* End PBXFrameworksBuildPhase section */

/* Begin PBXGroup section */
		764EF00426FC0E8100151143 = {
			isa = PBXGroup;
			children = (
				764EF00F26FC0E8100151143 /* ARFilterApp */,
				764EF02626FC0E8400151143 /* ARFilterAppTests */,
				764EF03026FC0E8400151143 /* ARFilterAppUITests */,
				764EF00E26FC0E8100151143 /* Products */,
			);
			sourceTree = "<group>";
		};
		764EF00E26FC0E8100151143 /* Products */ = {
			isa = PBXGroup;
			children = (
				764EF00D26FC0E8100151143 /* ARFilterApp.app */,
				764EF02326FC0E8400151143 /* ARFilterAppTests.xctest */,
				764EF02D26FC0E8400151143 /* ARFilterAppUITests.xctest */,
			);
			name = Products;
			sourceTree = "<group>";
		};
		764EF00F26FC0E8100151143 /* ARFilterApp */ = {
			isa = PBXGroup;
			children = (
				764EF01026FC0E8100151143 /* AppDelegate.swift */,
				764EF01226FC0E8100151143 /* SceneDelegate.swift */,
				764EF01426FC0E8100151143 /* ViewController.swift */,
				764EF01626FC0E8100151143 /* Main.storyboard */,
				764EF01926FC0E8400151143 /* Assets.xcassets */,
				764EF01B26FC0E8400151143 /* LaunchScreen.storyboard */,
				764EF01E26FC0E8400151143 /* Info.plist */,
			);
			path = ARFilterApp;
			sourceTree = "<group>";
		};
		764EF02626FC0E8400151143 /* ARFilterAppTests */ = {
			isa = PBXGroup;
			children = (
				764EF02726FC0E8400151143 /* ARFilterAppTests.swift */,
			);
			path = ARFilterAppTests;
			sourceTree = "<group>";
		};
		764EF03026FC0E8400151143 /* ARFilterAppUITests */ = {
			isa = PBXGroup;
			children = (
				764EF03126FC0E8400151143 /* ARFilterAppUITests.swift */,
				764EF03326FC0E8400151143 /* ARFilterAppUITestsLaunchTests.swift */,
			);
			path = ARFilterAppUITests;
			sourceTree = "<group>";
		};
/* End PBXGroup section */

/* Begin PBXNativeTarget section */
		764EF00C26FC0E8100151143 /* ARFilterApp */ = {
			isa = PBXNativeTarget;
			buildConfigurationList = 764EF03726FC0E8400151143 /* Build configuration list for PBXNativeTarget "ARFilterApp" */;
			buildPhases = (
				764EF00926FC0E8100151143 /* Sources */,
				764EF00A26FC0E8100151143 /* Frameworks */,
				764EF00B26FC0E8100151143 /* Resources */,
			);
			buildRules = (
			);
			dependencies = (
			);
			name = ARFilterApp;
			productName = ARFilterApp;
			productReference = 764EF00D26FC0E8100151143 /* ARFilterApp.app */;
			productType = "com.apple.product-type.application";
		};
		764EF02226FC0E8400151143 /* ARFilterAppTests */ = {
			isa = PBXNativeTarget;
			buildConfigurationList = 764EF03A26FC0E8400151143 /* Build configuration list for PBXNativeTarget "ARFilterAppTests" */;
			buildPhases = (
				764EF01F26FC0E8400151143 /* Sources */,
				764EF02026FC0E8400151143 /* Frameworks */,
				764EF02126FC0E8400151143 /* Resources */,
			);
			buildRules = (
			);
			dependencies = (
				764EF02526FC0E8400151143 /* PBXTargetDependency */,
			);
			name = ARFilterAppTests;
			productName = ARFilterAppTests;
			productReference = 764EF02326FC0E8400151143 /* ARFilterAppTests.xctest */;
			productType = "com.apple.product-type.bundle.unit-test";
		};
		764EF02C26FC0E8400151143 /* ARFilterAppUITests */ = {
			isa = PBXNativeTarget;
			buildConfigurationList = 764EF03D26FC0E8400151143 /* Build configuration list for PBXNativeTarget "ARFilterAppUITests" */;
			buildPhases = (
				764EF02926FC0E8400151143 /* Sources */,
				764EF02A26FC0E8400151143 /* Frameworks */,
				764EF02B26FC0E8400151143 /* Resources */,
			);
			buildRules = (
			);
			dependencies = (
				764EF02F26FC0E8400151143 /* PBXTargetDependency */,
			);
			name = ARFilterAppUITests;
			productName = ARFilterAppUITests;
			productReference = 764EF02D26FC0E8400151143 /* ARFilterAppUITests.xctest */;
			productType = "com.apple.product-type.bundle.ui-testing";
		};
/* End PBXNativeTarget section */

/* Begin PBXProject section */
		764EF00526FC0E8100151143 /* Project object */ = {
			isa = PBXProject;
			attributes = {
				BuildIndependentTargetsInParallel = 1;
				LastSwiftUpdateCheck = 1300;
				LastUpgradeCheck = 1300;
				TargetAttributes = {
					764EF00C26FC0E8100151143 = {
						CreatedOnToolsVersion = 13.0;
					};
					764EF02226FC0E8400151143 = {
						CreatedOnToolsVersion = 13.0;
						TestTargetID = 764EF00C26FC0E8100151143;
					};
					764EF02C26FC0E8400151143 = {
						CreatedOnToolsVersion = 13.0;
						TestTargetID = 764EF00C26FC0E8100151143;
					};
				};
			};
			buildConfigurationList = 764EF00826FC0E8100151143 /* Build configuration list for PBXProject "ARFilterApp" */;
			compatibilityVersion = "Xcode 13.0";
			developmentRegion = en;
			hasScannedForEncodings = 0;
			knownRegions = (
				en,
				Base,
			);
			mainGroup = 764EF00426FC0E8100151143;
			productRefGroup = 764EF00E26FC0E8100151143 /* Products */;
			projectDirPath = "";
			projectRoot = "";
			targets = (
				764EF00C26FC0E8100151143 /* ARFilterApp */,
				764EF02226FC0E8400151143 /* ARFilterAppTests */,
				764EF02C26FC0E8400151143 /* ARFilterAppUITests */,
			);
		};
/* End PBXProject section */

/* Begin PBXResourcesBuildPhase section */
		764EF00B26FC0E8100151143 /* Resources */ = {
			isa = PBXResourcesBuildPhase;
			buildActionMask = 2147483647;
			files = (
				764EF01D26FC0E8400151143 /* LaunchScreen.storyboard in Resources */,
				764EF01A26FC0E8400151143 /* Assets.xcassets in Resources */,
				764EF01826FC0E8100151143 /* Main.storyboard in Resources */,
			);
			runOnlyForDeploymentPostprocessing = 0;
		};
		764EF02126FC0E8400151143 /* Resources */ = {
			isa = PBXResourcesBuildPhase;
			buildActionMask = 2147483647;
			files = (
			);
			runOnlyForDeploymentPostprocessing = 0;
		};
		764EF02B26FC0E8400151143 /* Resources */ = {
			isa = PBXResourcesBuildPhase;
			buildActionMask = 2147483647;
			files = (
			);
			runOnlyForDeploymentPostprocessing = 0;
		};
/* End PBXResourcesBuildPhase section */

/* Begin PBXSourcesBuildPhase section */
		764EF00926FC0E8100151143 /* Sources */ = {
			isa = PBXSourcesBuildPhase;
			buildActionMask = 2147483647;
			files = (
				764EF01526FC0E8100151143 /* ViewController.swift in Sources */,
				764EF01126FC0E8100151143 /* AppDelegate.swift in Sources */,
				764EF01326FC0E8100151143 /* SceneDelegate.swift in Sources */,
			);
			runOnlyForDeploymentPostprocessing = 0;
		};
		764EF01F26FC0E8400151143 /* Sources */ = {
			isa = PBXSourcesBuildPhase;
			buildActionMask = 2147483647;
			files = (
				764EF02826FC0E8400151143 /* ARFilterAppTests.swift in Sources */,
			);
			runOnlyForDeploymentPostprocessing = 0;
		};
		764EF02926FC0E8400151143 /* Sources */ = {
			isa = PBXSourcesBuildPhase;
			buildActionMask = 2147483647;
			files = (
				764EF03226FC0E8400151143 /* ARFilterAppUITests.swift in Sources */,
				764EF03426FC0E8400151143 /* ARFilterAppUITestsLaunchTests.swift in Sources */,
			);
			runOnlyForDeploymentPostprocessing = 0;
		};
/* End PBXSourcesBuildPhase section */

/* Begin PBXTargetDependency section */
		764EF02526FC0E8400151143 /* PBXTargetDependency */ = {
			isa = PBXTargetDependency;
			target = 764EF00C26FC0E8100151143 /* ARFilterApp */;
			targetProxy = 764EF02426FC0E8400151143 /* PBXContainerItemProxy */;
		};
		764EF02F26FC0E8400151143 /* PBXTargetDependency */ = {
			isa = PBXTargetDependency;
			target = 764EF00C26FC0E8100151143 /* ARFilterApp */;
			targetProxy = 764EF02E26FC0E8400151143 /* PBXContainerItemProxy */;
		};
/* End PBXTargetDependency section */

/* Begin PBXVariantGroup section */
		764EF01626FC0E8100151143 /* Main.storyboard */ = {
			isa = PBXVariantGroup;
			children = (
				764EF01726FC0E8100151143 /* Base */,
			);
			name = Main.storyboard;
			sourceTree = "<group>";
		};
		764EF01B26FC0E8400151143 /* LaunchScreen.storyboard */ = {
			isa = PBXVariantGroup;
			children = (
				764EF01C26FC0E8400151143 /* Base */,
			);
			name = LaunchScreen.storyboard;
			sourceTree = "<group>";
		};
/* End PBXVariantGroup section */

/* Begin XCBuildConfiguration section */
		764EF03526FC0E8400151143 /* Debug */ = {
			isa = XCBuildConfiguration;
			buildSettings = {
				ALWAYS_SEARCH_USER_PATHS = NO;
				CLANG_ANALYZER_NONNULL = YES;
				CLANG_ANALYZER_NUMBER_OBJECT_CONVERSION = YES_AGGRESSIVE;
				CLANG_CXX_LANGUAGE_STANDARD = "gnu++17";
				CLANG_CXX_LIBRARY = "libc++";
				CLANG_ENABLE_MODULES = YES;
				CLANG_ENABLE_OBJC_ARC = YES;
				CLANG_ENABLE_OBJC_WEAK = YES;
				CLANG_WARN_BLOCK_CAPTURE_AUTORELEASING = YES;
				CLANG_WARN_BOOL_CONVERSION = YES;
				CLANG_WARN_COMMA = YES;
				CLANG_WARN_CONSTANT_CONVERSION = YES;
				CLANG_WARN_DEPRECATED_OBJC_IMPLEMENTATIONS = YES;
				CLANG_WARN_DIRECT_OBJC_ISA_USAGE = YES_ERROR;
				CLANG_WARN_DOCUMENTATION_COMMENTS = YES;
				CLANG_WARN_EMPTY_BODY = YES;
				CLANG_WARN_ENUM_CONVERSION = YES;
				CLANG_WARN_INFINITE_RECURSION = YES;
				CLANG_WARN_INT_CONVERSION = YES;
				CLANG_WARN_NON_LITERAL_NULL_CONVERSION = YES;
				CLANG_WARN_OBJC_IMPLICIT_RETAIN_SELF = YES;
				CLANG_WARN_OBJC_LITERAL_CONVERSION = YES;
				CLANG_WARN_OBJC_ROOT_CLASS = YES_ERROR;
				CLANG_WARN_QUOTED_INCLUDE_IN_FRAMEWORK_HEADER = YES;
				CLANG_WARN_RANGE_LOOP_ANALYSIS = YES;
				CLANG_WARN_STRICT_PROTOTYPES = YES;
				CLANG_WARN_SUSPICIOUS_MOVE = YES;
				CLANG_WARN_UNGUARDED_AVAILABILITY = YES_AGGRESSIVE;
				CLANG_WARN_UNREACHABLE_CODE = YES;
				CLANG_WARN__DUPLICATE_METHOD_MATCH = YES;
				COPY_PHASE_STRIP = NO;
				DEBUG_INFORMATION_FORMAT = dwarf;
				ENABLE_STRICT_OBJC_MSGSEND = YES;
				ENABLE_TESTABILITY = YES;
				GCC_C_LANGUAGE_STANDARD = gnu11;
				GCC_DYNAMIC_NO_PIC = NO;
				GCC_NO_COMMON_BLOCKS = YES;
				GCC_OPTIMIZATION_LEVEL = 0;
				GCC_PREPROCESSOR_DEFINITIONS = (
					"DEBUG=1",
					"$(inherited)",
				);
				GCC_WARN_64_TO_32_BIT_CONVERSION = YES;
				GCC_WARN_ABOUT_RETURN_TYPE = YES_ERROR;
				GCC_WARN_UNDECLARED_SELECTOR = YES;
				GCC_WARN_UNINITIALIZED_AUTOS = YES_AGGRESSIVE;
				GCC_WARN_UNUSED_FUNCTION = YES;
				GCC_WARN_UNUSED_VARIABLE = YES;
				IPHONEOS_DEPLOYMENT_TARGET = 15.0;
				MTL_ENABLE_DEBUG_INFO = INCLUDE_SOURCE;
				MTL_FAST_MATH = YES;
				ONLY_ACTIVE_ARCH = YES;
				SDKROOT = iphoneos;
				SWIFT_ACTIVE_COMPILATION_CONDITIONS = DEBUG;
				SWIFT_OPTIMIZATION_LEVEL = "-Onone";
			};
			name = Debug;
		};
		764EF03626FC0E8400151143 /* Release */ = {
			isa = XCBuildConfiguration;
			buildSettings = {
				ALWAYS_SEARCH_USER_PATHS = NO;
				CLANG_ANALYZER_NONNULL = YES;
				CLANG_ANALYZER_NUMBER_OBJECT_CONVERSION = YES_AGGRESSIVE;
				CLANG_CXX_LANGUAGE_STANDARD = "gnu++17";
				CLANG_CXX_LIBRARY = "libc++";
				CLANG_ENABLE_MODULES = YES;
				CLANG_ENABLE_OBJC_ARC = YES;
				CLANG_ENABLE_OBJC_WEAK = YES;
				CLANG_WARN_BLOCK_CAPTURE_AUTORELEASING = YES;
				CLANG_WARN_BOOL_CONVERSION = YES;
				CLANG_WARN_COMMA = YES;
				CLANG_WARN_CONSTANT_CONVERSION = YES;
				CLANG_WARN_DEPRECATED_OBJC_IMPLEMENTATIONS = YES;
				CLANG_WARN_DIRECT_OBJC_ISA_USAGE = YES_ERROR;
				CLANG_WARN_DOCUMENTATION_COMMENTS = YES;
				CLANG_WARN_EMPTY_BODY = YES;
				CLANG_WARN_ENUM_CONVERSION = YES;
				CLANG_WARN_INFINITE_RECURSION = YES;
				CLANG_WARN_INT_CONVERSION = YES;
				CLANG_WARN_NON_LITERAL_NULL_CONVERSION = YES;
				CLANG_WARN_OBJC_IMPLICIT_RETAIN_SELF = YES;
				CLANG_WARN_OBJC_LITERAL_CONVERSION = YES;
				CLANG_WARN_OBJC_ROOT_CLASS = YES_ERROR;
				CLANG_WARN_QUOTED_INCLUDE_IN_FRAMEWORK_HEADER = YES;
				CLANG_WARN_RANGE_LOOP_ANALYSIS = YES;
				CLANG_WARN_STRICT_PROTOTYPES = YES;
				CLANG_WARN_SUSPICIOUS_MOVE = YES;
				CLANG_WARN_UNGUARDED_AVAILABILITY = YES_AGGRESSIVE;
				CLANG_WARN_UNREACHABLE_CODE = YES;
				CLANG_WARN__DUPLICATE_METHOD_MATCH = YES;
				COPY_PHASE_STRIP = NO;
				DEBUG_INFORMATION_FORMAT = "dwarf-with-dsym";
				ENABLE_NS_ASSERTIONS = NO;
				ENABLE_STRICT_OBJC_MSGSEND = YES;
				GCC_C_LANGUAGE_STANDARD = gnu11;
				GCC_NO_COMMON_BLOCKS = YES;
				GCC_WARN_64_TO_32_BIT_CONVERSION = YES;
				GCC_WARN_ABOUT_RETURN_TYPE = YES_ERROR;
				GCC_WARN_UNDECLARED_SELECTOR = YES;
				GCC_WARN_UNINITIALIZED_AUTOS = YES_AGGRESSIVE;
				GCC_WARN_UNUSED_FUNCTION = YES;
				GCC_WARN_UNUSED_VARIABLE = YES;
				IPHONEOS_DEPLOYMENT_TARGET = 15.0;
				MTL_ENABLE_DEBUG_INFO = NO;
				MTL_FAST_MATH = YES;
				SDKROOT = iphoneos;
				SWIFT_COMPILATION_MODE = wholemodule;
				SWIFT_OPTIMIZATION_LEVEL = "-O";
				VALIDATE_PRODUCT = YES;
			};
			name = Release;
		};
		764EF03826FC0E8400151143 /* Debug */ = {
			isa = XCBuildConfiguration;
			buildSettings = {
				ASSETCATALOG_COMPILER_APPICON_NAME = AppIcon;
				ASSETCATALOG_COMPILER_GLOBAL_ACCENT_COLOR_NAME = AccentColor;
				CODE_SIGN_STYLE = Automatic;
				CURRENT_PROJECT_VERSION = 1;
				DEVELOPMENT_TEAM = 7A464AFW63;
				GENERATE_INFOPLIST_FILE = YES;
				INFOPLIST_FILE = ARFilterApp/Info.plist;
				INFOPLIST_KEY_UIApplicationSupportsIndirectInputEvents = YES;
				INFOPLIST_KEY_UILaunchStoryboardName = LaunchScreen;
				INFOPLIST_KEY_UIMainStoryboardFile = Main;
				INFOPLIST_KEY_UISupportedInterfaceOrientations_iPad = "UIInterfaceOrientationPortrait UIInterfaceOrientationPortraitUpsideDown UIInterfaceOrientationLandscapeLeft UIInterfaceOrientationLandscapeRight";
				INFOPLIST_KEY_UISupportedInterfaceOrientations_iPhone = "UIInterfaceOrientationPortrait UIInterfaceOrientationLandscapeLeft UIInterfaceOrientationLandscapeRight";
				LD_RUNPATH_SEARCH_PATHS = (
					"$(inherited)",
					"@executable_path/Frameworks",
				);
				MARKETING_VERSION = 1.0;
				PRODUCT_BUNDLE_IDENTIFIER = co.zzisun.ARFilterApp;
				PRODUCT_NAME = "$(TARGET_NAME)";
				SWIFT_EMIT_LOC_STRINGS = YES;
				SWIFT_VERSION = 5.0;
				TARGETED_DEVICE_FAMILY = "1,2";
			};
			name = Debug;
		};
		764EF03926FC0E8400151143 /* Release */ = {
			isa = XCBuildConfiguration;
			buildSettings = {
				ASSETCATALOG_COMPILER_APPICON_NAME = AppIcon;
				ASSETCATALOG_COMPILER_GLOBAL_ACCENT_COLOR_NAME = AccentColor;
				CODE_SIGN_STYLE = Automatic;
				CURRENT_PROJECT_VERSION = 1;
				DEVELOPMENT_TEAM = 7A464AFW63;
				GENERATE_INFOPLIST_FILE = YES;
				INFOPLIST_FILE = ARFilterApp/Info.plist;
				INFOPLIST_KEY_UIApplicationSupportsIndirectInputEvents = YES;
				INFOPLIST_KEY_UILaunchStoryboardName = LaunchScreen;
				INFOPLIST_KEY_UIMainStoryboardFile = Main;
				INFOPLIST_KEY_UISupportedInterfaceOrientations_iPad = "UIInterfaceOrientationPortrait UIInterfaceOrientationPortraitUpsideDown UIInterfaceOrientationLandscapeLeft UIInterfaceOrientationLandscapeRight";
				INFOPLIST_KEY_UISupportedInterfaceOrientations_iPhone = "UIInterfaceOrientationPortrait UIInterfaceOrientationLandscapeLeft UIInterfaceOrientationLandscapeRight";
				LD_RUNPATH_SEARCH_PATHS = (
					"$(inherited)",
					"@executable_path/Frameworks",
				);
				MARKETING_VERSION = 1.0;
				PRODUCT_BUNDLE_IDENTIFIER = co.zzisun.ARFilterApp;
				PRODUCT_NAME = "$(TARGET_NAME)";
				SWIFT_EMIT_LOC_STRINGS = YES;
				SWIFT_VERSION = 5.0;
				TARGETED_DEVICE_FAMILY = "1,2";
			};
			name = Release;
		};
		764EF03B26FC0E8400151143 /* Debug */ = {
			isa = XCBuildConfiguration;
			buildSettings = {
				ALWAYS_EMBED_SWIFT_STANDARD_LIBRARIES = YES;
				BUNDLE_LOADER = "$(TEST_HOST)";
				CODE_SIGN_STYLE = Automatic;
				CURRENT_PROJECT_VERSION = 1;
				DEVELOPMENT_TEAM = 7A464AFW63;
				GENERATE_INFOPLIST_FILE = YES;
				IPHONEOS_DEPLOYMENT_TARGET = 15.0;
				LD_RUNPATH_SEARCH_PATHS = (
					"$(inherited)",
					"@executable_path/Frameworks",
					"@loader_path/Frameworks",
				);
				MARKETING_VERSION = 1.0;
				PRODUCT_BUNDLE_IDENTIFIER = co.zzisun.ARFilterAppTests;
				PRODUCT_NAME = "$(TARGET_NAME)";
				SWIFT_EMIT_LOC_STRINGS = NO;
				SWIFT_VERSION = 5.0;
				TARGETED_DEVICE_FAMILY = "1,2";
				TEST_HOST = "$(BUILT_PRODUCTS_DIR)/ARFilterApp.app/ARFilterApp";
			};
			name = Debug;
		};
		764EF03C26FC0E8400151143 /* Release */ = {
			isa = XCBuildConfiguration;
			buildSettings = {
				ALWAYS_EMBED_SWIFT_STANDARD_LIBRARIES = YES;
				BUNDLE_LOADER = "$(TEST_HOST)";
				CODE_SIGN_STYLE = Automatic;
				CURRENT_PROJECT_VERSION = 1;
				DEVELOPMENT_TEAM = 7A464AFW63;
				GENERATE_INFOPLIST_FILE = YES;
				IPHONEOS_DEPLOYMENT_TARGET = 15.0;
				LD_RUNPATH_SEARCH_PATHS = (
					"$(inherited)",
					"@executable_path/Frameworks",
					"@loader_path/Frameworks",
				);
				MARKETING_VERSION = 1.0;
				PRODUCT_BUNDLE_IDENTIFIER = co.zzisun.ARFilterAppTests;
				PRODUCT_NAME = "$(TARGET_NAME)";
				SWIFT_EMIT_LOC_STRINGS = NO;
				SWIFT_VERSION = 5.0;
				TARGETED_DEVICE_FAMILY = "1,2";
				TEST_HOST = "$(BUILT_PRODUCTS_DIR)/ARFilterApp.app/ARFilterApp";
			};
			name = Release;
		};
		764EF03E26FC0E8400151143 /* Debug */ = {
			isa = XCBuildConfiguration;
			buildSettings = {
				ALWAYS_EMBED_SWIFT_STANDARD_LIBRARIES = YES;
				CODE_SIGN_STYLE = Automatic;
				CURRENT_PROJECT_VERSION = 1;
				DEVELOPMENT_TEAM = 7A464AFW63;
				GENERATE_INFOPLIST_FILE = YES;
				LD_RUNPATH_SEARCH_PATHS = (
					"$(inherited)",
					"@executable_path/Frameworks",
					"@loader_path/Frameworks",
				);
				MARKETING_VERSION = 1.0;
				PRODUCT_BUNDLE_IDENTIFIER = co.zzisun.ARFilterAppUITests;
				PRODUCT_NAME = "$(TARGET_NAME)";
				SWIFT_EMIT_LOC_STRINGS = NO;
				SWIFT_VERSION = 5.0;
				TARGETED_DEVICE_FAMILY = "1,2";
				TEST_TARGET_NAME = ARFilterApp;
			};
			name = Debug;
		};
		764EF03F26FC0E8400151143 /* Release */ = {
			isa = XCBuildConfiguration;
			buildSettings = {
				ALWAYS_EMBED_SWIFT_STANDARD_LIBRARIES = YES;
				CODE_SIGN_STYLE = Automatic;
				CURRENT_PROJECT_VERSION = 1;
				DEVELOPMENT_TEAM = 7A464AFW63;
				GENERATE_INFOPLIST_FILE = YES;
				LD_RUNPATH_SEARCH_PATHS = (
					"$(inherited)",
					"@executable_path/Frameworks",
					"@loader_path/Frameworks",
				);
				MARKETING_VERSION = 1.0;
				PRODUCT_BUNDLE_IDENTIFIER = co.zzisun.ARFilterAppUITests;
				PRODUCT_NAME = "$(TARGET_NAME)";
				SWIFT_EMIT_LOC_STRINGS = NO;
				SWIFT_VERSION = 5.0;
				TARGETED_DEVICE_FAMILY = "1,2";
				TEST_TARGET_NAME = ARFilterApp;
			};
			name = Release;
		};
/* End XCBuildConfiguration section */

/* Begin XCConfigurationList section */
		764EF00826FC0E8100151143 /* Build configuration list for PBXProject "ARFilterApp" */ = {
			isa = XCConfigurationList;
			buildConfigurations = (
				764EF03526FC0E8400151143 /* Debug */,
				764EF03626FC0E8400151143 /* Release */,
			);
			defaultConfigurationIsVisible = 0;
			defaultConfigurationName = Release;
		};
		764EF03726FC0E8400151143 /* Build configuration list for PBXNativeTarget "ARFilterApp" */ = {
			isa = XCConfigurationList;
			buildConfigurations = (
				764EF03826FC0E8400151143 /* Debug */,
				764EF03926FC0E8400151143 /* Release */,
			);
			defaultConfigurationIsVisible = 0;
			defaultConfigurationName = Release;
		};
		764EF03A26FC0E8400151143 /* Build configuration list for PBXNativeTarget "ARFilterAppTests" */ = {
			isa = XCConfigurationList;
			buildConfigurations = (
				764EF03B26FC0E8400151143 /* Debug */,
				764EF03C26FC0E8400151143 /* Release */,
			);
			defaultConfigurationIsVisible = 0;
			defaultConfigurationName = Release;
		};
		764EF03D26FC0E8400151143 /* Build configuration list for PBXNativeTarget "ARFilterAppUITests" */ = {
			isa = XCConfigurationList;
			buildConfigurations = (
				764EF03E26FC0E8400151143 /* Debug */,
				764EF03F26FC0E8400151143 /* Release */,
			);
			defaultConfigurationIsVisible = 0;
			defaultConfigurationName = Release;
		};
/* End XCConfigurationList section */
	};
	rootObject = 764EF00526FC0E8100151143 /* Project object */;
}
